
Microsoft Visual Studio Solution File, Format Version 12.00
# Visual Studio Version 16
VisualStudioVersion = 16.0.31702.278
MinimumVisualStudioVersion = 10.0.40219.1
Project("{2150E333-8FDC-42A3-9474-1A3956D46DE8}") = "Services", "Services", "{4CBC45FA-4BB6-4170-8A8E-830BE14188EF}"
EndProject
Project("{2150E333-8FDC-42A3-9474-1A3956D46DE8}") = "Catalog", "Catalog", "{7B3483F8-A9B7-452B-AC88-B185D162470D}"
EndProject
Project("{9A19103F-16F7-4668-BE54-9A1E7A4F7556}") = "Catalog.API", "Services\Catalog\Catalog.API\Catalog.API.csproj", "{1F3F20F5-FD8C-46E4-A2DF-50DF6D918ADB}"
EndProject
Project("{E53339B2-1760-4266-BCC7-CA923CBCF16C}") = "docker-compose", "docker-compose.dcproj", "{57D36AA9-187F-4C7E-85DD-D24A5AA05657}"
EndProject
Project("{2150E333-8FDC-42A3-9474-1A3956D46DE8}") = "Basket", "Basket", "{35B05027-94FC-40ED-ABE7-56C2C1B13596}"
EndProject
Project("{9A19103F-16F7-4668-BE54-9A1E7A4F7556}") = "Basket.API", "Services\Basket\Basket.API\Basket.API.csproj", "{E1ED834B-CE0F-4D87-BC30-27AF0D8F43F1}"
EndProject
Project("{2150E333-8FDC-42A3-9474-1A3956D46DE8}") = "Discount", "Discount", "{B31B57EE-AEF0-48A1-A267-93D7E2D61289}"
EndProject
Project("{9A19103F-16F7-4668-BE54-9A1E7A4F7556}") = "Discount.API", "Services\Discount\Discount.API\Discount.API.csproj", "{B202BB4F-3D9D-46FE-A268-9D98783645D8}"
EndProject
Project("{9A19103F-16F7-4668-BE54-9A1E7A4F7556}") = "Discount.Grpc", "Services\Discount\Discount.Grpc\Discount.Grpc.csproj", "{BBA0B990-9D3D-4496-8A02-8D18DF584E67}"
EndProject
Project("{2150E333-8FDC-42A3-9474-1A3956D46DE8}") = "Ordering", "Ordering", "{B8C4977D-4CCA-4C24-B999-45B997F33B79}"
EndProject
Project("{9A19103F-16F7-4668-BE54-9A1E7A4F7556}") = "Ordering.API", "Services\Ordering\Ordering.API\Ordering.API.csproj", "{ECA8CF3B-6E79-44A5-8EA8-497B23B77B27}"
EndProject
Project("{9A19103F-16F7-4668-BE54-9A1E7A4F7556}") = "Ordering.Domain", "Services\Ordering\Ordering.Domain\Ordering.Domain.csproj", "{BFE9F5B0-2FB8-4470-B1C6-8079F8FED8F8}"
EndProject
Project("{9A19103F-16F7-4668-BE54-9A1E7A4F7556}") = "Ordering.Application", "Services\Ordering\Ordering.Application\Ordering.Application.csproj", "{7AC5355E-09BE-4A74-A533-D8825AF19DEF}"
EndProject
Project("{9A19103F-16F7-4668-BE54-9A1E7A4F7556}") = "Ordering.Infrastructure", "Services\Ordering\Ordering.Infrastructure\Ordering.Infrastructure.csproj", "{FF8B46A9-972D-4531-B20E-DEEA81349690}"
EndProject
Project("{2150E333-8FDC-42A3-9474-1A3956D46DE8}") = "BuildingBlocks", "BuildingBlocks", "{5831B0D2-CF28-4EF8-8CDE-B86156AB1E40}"
EndProject
Project("{9A19103F-16F7-4668-BE54-9A1E7A4F7556}") = "EventBus.Messages", "BuildingBlocks\EventBus.Messages\EventBus.Messages.csproj", "{E92A3F6E-2C5E-4502-9499-A296513898F0}"
EndProject
Project("{2150E333-8FDC-42A3-9474-1A3956D46DE8}") = "ApiGateways", "ApiGateways", "{3DCCB162-F4FC-423C-BCC6-2BFDDC27363F}"
EndProject
Project("{9A19103F-16F7-4668-BE54-9A1E7A4F7556}") = "OcelotApiGw", "ApiGateways\OcelotApiGw\OcelotApiGw.csproj", "{F1071FCE-581A-4EEF-9704-71EA58CA4912}"
EndProject
Project("{9A19103F-16F7-4668-BE54-9A1E7A4F7556}") = "Shopping.Aggregator", "ApiGateways\Shopping.Aggregator\Shopping.Aggregator.csproj", "{D615F8E6-660E-46F2-A781-C94E6E818B06}"
EndProject
Project("{2150E333-8FDC-42A3-9474-1A3956D46DE8}") = "Security", "Security", "{C33D1FA6-8488-4BAF-BB0C-395132CEFF9E}"
EndProject
Project("{9A19103F-16F7-4668-BE54-9A1E7A4F7556}") = "IdentityServer", "Security\IdentityServer\IdentityServer.csproj", "{C8D767AD-F49D-4443-A41D-DB7C7B7E547D}"
EndProject
Project("{9A19103F-16F7-4668-BE54-9A1E7A4F7556}") = "Common.Logging", "BuildingBlocks\Common.Logging\Common.Logging.csproj", "{C70C0A5E-6616-4BE0-B97F-F1F498C22FA4}"
EndProject
Project("{2150E333-8FDC-42A3-9474-1A3956D46DE8}") = "WebApps", "WebApps", "{8611ABCF-2D2A-45B1-8A22-69347AE70950}"
EndProject
Project("{FAE04EC0-301F-11D3-BF4B-00C04F79EFBC}") = "WebStatus", "WebApps\WebStatus\WebStatus.csproj", "{B0FD672B-9E5E-4A81-BFC3-3D211BBB0849}"
EndProject
Global
	GlobalSection(SolutionConfigurationPlatforms) = preSolution
		Debug|Any CPU = Debug|Any CPU
		Release|Any CPU = Release|Any CPU
	EndGlobalSection
	GlobalSection(ProjectConfigurationPlatforms) = postSolution
		{1F3F20F5-FD8C-46E4-A2DF-50DF6D918ADB}.Debug|Any CPU.ActiveCfg = Debug|Any CPU
		{1F3F20F5-FD8C-46E4-A2DF-50DF6D918ADB}.Debug|Any CPU.Build.0 = Debug|Any CPU
		{1F3F20F5-FD8C-46E4-A2DF-50DF6D918ADB}.Release|Any CPU.ActiveCfg = Release|Any CPU
		{1F3F20F5-FD8C-46E4-A2DF-50DF6D918ADB}.Release|Any CPU.Build.0 = Release|Any CPU
		{57D36AA9-187F-4C7E-85DD-D24A5AA05657}.Debug|Any CPU.ActiveCfg = Debug|Any CPU
		{57D36AA9-187F-4C7E-85DD-D24A5AA05657}.Debug|Any CPU.Build.0 = Debug|Any CPU
		{57D36AA9-187F-4C7E-85DD-D24A5AA05657}.Release|Any CPU.ActiveCfg = Release|Any CPU
		{57D36AA9-187F-4C7E-85DD-D24A5AA05657}.Release|Any CPU.Build.0 = Release|Any CPU
		{E1ED834B-CE0F-4D87-BC30-27AF0D8F43F1}.Debug|Any CPU.ActiveCfg = Debug|Any CPU
		{E1ED834B-CE0F-4D87-BC30-27AF0D8F43F1}.Debug|Any CPU.Build.0 = Debug|Any CPU
		{E1ED834B-CE0F-4D87-BC30-27AF0D8F43F1}.Release|Any CPU.ActiveCfg = Release|Any CPU
		{E1ED834B-CE0F-4D87-BC30-27AF0D8F43F1}.Release|Any CPU.Build.0 = Release|Any CPU
		{B202BB4F-3D9D-46FE-A268-9D98783645D8}.Debug|Any CPU.ActiveCfg = Debug|Any CPU
		{B202BB4F-3D9D-46FE-A268-9D98783645D8}.Debug|Any CPU.Build.0 = Debug|Any CPU
		{B202BB4F-3D9D-46FE-A268-9D98783645D8}.Release|Any CPU.ActiveCfg = Release|Any CPU
		{B202BB4F-3D9D-46FE-A268-9D98783645D8}.Release|Any CPU.Build.0 = Release|Any CPU
		{BBA0B990-9D3D-4496-8A02-8D18DF584E67}.Debug|Any CPU.ActiveCfg = Debug|Any CPU
		{BBA0B990-9D3D-4496-8A02-8D18DF584E67}.Debug|Any CPU.Build.0 = Debug|Any CPU
		{BBA0B990-9D3D-4496-8A02-8D18DF584E67}.Release|Any CPU.ActiveCfg = Release|Any CPU
		{BBA0B990-9D3D-4496-8A02-8D18DF584E67}.Release|Any CPU.Build.0 = Release|Any CPU
		{ECA8CF3B-6E79-44A5-8EA8-497B23B77B27}.Debug|Any CPU.ActiveCfg = Debug|Any CPU
		{ECA8CF3B-6E79-44A5-8EA8-497B23B77B27}.Debug|Any CPU.Build.0 = Debug|Any CPU
		{ECA8CF3B-6E79-44A5-8EA8-497B23B77B27}.Release|Any CPU.ActiveCfg = Release|Any CPU
		{ECA8CF3B-6E79-44A5-8EA8-497B23B77B27}.Release|Any CPU.Build.0 = Release|Any CPU
		{BFE9F5B0-2FB8-4470-B1C6-8079F8FED8F8}.Debug|Any CPU.ActiveCfg = Debug|Any CPU
		{BFE9F5B0-2FB8-4470-B1C6-8079F8FED8F8}.Debug|Any CPU.Build.0 = Debug|Any CPU
		{BFE9F5B0-2FB8-4470-B1C6-8079F8FED8F8}.Release|Any CPU.ActiveCfg = Release|Any CPU
		{BFE9F5B0-2FB8-4470-B1C6-8079F8FED8F8}.Release|Any CPU.Build.0 = Release|Any CPU
		{7AC5355E-09BE-4A74-A533-D8825AF19DEF}.Debug|Any CPU.ActiveCfg = Debug|Any CPU
		{7AC5355E-09BE-4A74-A533-D8825AF19DEF}.Debug|Any CPU.Build.0 = Debug|Any CPU
		{7AC5355E-09BE-4A74-A533-D8825AF19DEF}.Release|Any CPU.ActiveCfg = Release|Any CPU
		{7AC5355E-09BE-4A74-A533-D8825AF19DEF}.Release|Any CPU.Build.0 = Release|Any CPU
		{FF8B46A9-972D-4531-B20E-DEEA81349690}.Debug|Any CPU.ActiveCfg = Debug|Any CPU
		{FF8B46A9-972D-4531-B20E-DEEA81349690}.Debug|Any CPU.Build.0 = Debug|Any CPU
		{FF8B46A9-972D-4531-B20E-DEEA81349690}.Release|Any CPU.ActiveCfg = Release|Any CPU
		{FF8B46A9-972D-4531-B20E-DEEA81349690}.Release|Any CPU.Build.0 = Release|Any CPU
		{E92A3F6E-2C5E-4502-9499-A296513898F0}.Debug|Any CPU.ActiveCfg = Debug|Any CPU
		{E92A3F6E-2C5E-4502-9499-A296513898F0}.Debug|Any CPU.Build.0 = Debug|Any CPU
		{E92A3F6E-2C5E-4502-9499-A296513898F0}.Release|Any CPU.ActiveCfg = Release|Any CPU
		{E92A3F6E-2C5E-4502-9499-A296513898F0}.Release|Any CPU.Build.0 = Release|Any CPU
		{F1071FCE-581A-4EEF-9704-71EA58CA4912}.Debug|Any CPU.ActiveCfg = Debug|Any CPU
		{F1071FCE-581A-4EEF-9704-71EA58CA4912}.Debug|Any CPU.Build.0 = Debug|Any CPU
		{F1071FCE-581A-4EEF-9704-71EA58CA4912}.Release|Any CPU.ActiveCfg = Release|Any CPU
		{F1071FCE-581A-4EEF-9704-71EA58CA4912}.Release|Any CPU.Build.0 = Release|Any CPU
		{D615F8E6-660E-46F2-A781-C94E6E818B06}.Debug|Any CPU.ActiveCfg = Debug|Any CPU
		{D615F8E6-660E-46F2-A781-C94E6E818B06}.Debug|Any CPU.Build.0 = Debug|Any CPU
		{D615F8E6-660E-46F2-A781-C94E6E818B06}.Release|Any CPU.ActiveCfg = Release|Any CPU
		{D615F8E6-660E-46F2-A781-C94E6E818B06}.Release|Any CPU.Build.0 = Release|Any CPU
		{C8D767AD-F49D-4443-A41D-DB7C7B7E547D}.Debug|Any CPU.ActiveCfg = Debug|Any CPU
		{C8D767AD-F49D-4443-A41D-DB7C7B7E547D}.Debug|Any CPU.Build.0 = Debug|Any CPU
		{C8D767AD-F49D-4443-A41D-DB7C7B7E547D}.Release|Any CPU.ActiveCfg = Release|Any CPU
		{C8D767AD-F49D-4443-A41D-DB7C7B7E547D}.Release|Any CPU.Build.0 = Release|Any CPU
		{C70C0A5E-6616-4BE0-B97F-F1F498C22FA4}.Debug|Any CPU.ActiveCfg = Debug|Any CPU
		{C70C0A5E-6616-4BE0-B97F-F1F498C22FA4}.Debug|Any CPU.Build.0 = Debug|Any CPU
		{C70C0A5E-6616-4BE0-B97F-F1F498C22FA4}.Release|Any CPU.ActiveCfg = Release|Any CPU
		{C70C0A5E-6616-4BE0-B97F-F1F498C22FA4}.Release|Any CPU.Build.0 = Release|Any CPU
		{B0FD672B-9E5E-4A81-BFC3-3D211BBB0849}.Debug|Any CPU.ActiveCfg = Debug|Any CPU
		{B0FD672B-9E5E-4A81-BFC3-3D211BBB0849}.Debug|Any CPU.Build.0 = Debug|Any CPU
		{B0FD672B-9E5E-4A81-BFC3-3D211BBB0849}.Release|Any CPU.ActiveCfg = Release|Any CPU
		{B0FD672B-9E5E-4A81-BFC3-3D211BBB0849}.Release|Any CPU.Build.0 = Release|Any CPU
	EndGlobalSection
	GlobalSection(SolutionProperties) = preSolution
		HideSolutionNode = FALSE
	EndGlobalSection
	GlobalSection(NestedProjects) = preSolution
		{7B3483F8-A9B7-452B-AC88-B185D162470D} = {4CBC45FA-4BB6-4170-8A8E-830BE14188EF}
		{1F3F20F5-FD8C-46E4-A2DF-50DF6D918ADB} = {7B3483F8-A9B7-452B-AC88-B185D162470D}
		{35B05027-94FC-40ED-ABE7-56C2C1B13596} = {4CBC45FA-4BB6-4170-8A8E-830BE14188EF}
		{E1ED834B-CE0F-4D87-BC30-27AF0D8F43F1} = {35B05027-94FC-40ED-ABE7-56C2C1B13596}
		{B31B57EE-AEF0-48A1-A267-93D7E2D61289} = {4CBC45FA-4BB6-4170-8A8E-830BE14188EF}
		{B202BB4F-3D9D-46FE-A268-9D98783645D8} = {B31B57EE-AEF0-48A1-A267-93D7E2D61289}
		{BBA0B990-9D3D-4496-8A02-8D18DF584E67} = {B31B57EE-AEF0-48A1-A267-93D7E2D61289}
		{B8C4977D-4CCA-4C24-B999-45B997F33B79} = {4CBC45FA-4BB6-4170-8A8E-830BE14188EF}
		{ECA8CF3B-6E79-44A5-8EA8-497B23B77B27} = {B8C4977D-4CCA-4C24-B999-45B997F33B79}
		{BFE9F5B0-2FB8-4470-B1C6-8079F8FED8F8} = {B8C4977D-4CCA-4C24-B999-45B997F33B79}
		{7AC5355E-09BE-4A74-A533-D8825AF19DEF} = {B8C4977D-4CCA-4C24-B999-45B997F33B79}
		{FF8B46A9-972D-4531-B20E-DEEA81349690} = {B8C4977D-4CCA-4C24-B999-45B997F33B79}
		{E92A3F6E-2C5E-4502-9499-A296513898F0} = {5831B0D2-CF28-4EF8-8CDE-B86156AB1E40}
		{F1071FCE-581A-4EEF-9704-71EA58CA4912} = {3DCCB162-F4FC-423C-BCC6-2BFDDC27363F}
		{D615F8E6-660E-46F2-A781-C94E6E818B06} = {3DCCB162-F4FC-423C-BCC6-2BFDDC27363F}
		{C8D767AD-F49D-4443-A41D-DB7C7B7E547D} = {C33D1FA6-8488-4BAF-BB0C-395132CEFF9E}
		{C70C0A5E-6616-4BE0-B97F-F1F498C22FA4} = {5831B0D2-CF28-4EF8-8CDE-B86156AB1E40}
		{B0FD672B-9E5E-4A81-BFC3-3D211BBB0849} = {8611ABCF-2D2A-45B1-8A22-69347AE70950}
	EndGlobalSection
	GlobalSection(ExtensibilityGlobals) = postSolution
		SolutionGuid = {AA257BE4-0CBF-4210-B101-2A08C65EAB04}
	EndGlobalSection
EndGlobal
